
Microsoft Visual Studio Solution File, Format Version 12.00
# Visual Studio Version 17
VisualStudioVersion = 17.11.35219.272
MinimumVisualStudioVersion = 10.0.40219.1
Project("{FAE04EC0-301F-11D3-BF4B-00C04F79EFBC}") = "Only_MVC_CarBookingApp", "Only_MVC_CarBookingApp.csproj", "{33855040-024E-4070-B8B7-90EB6F4CD253}"
EndProject
Global
	GlobalSection(SolutionConfigurationPlatforms) = preSolution
		Debug|Any CPU = Debug|Any CPU
		Release|Any CPU = Release|Any CPU
	EndGlobalSection
	GlobalSection(ProjectConfigurationPlatforms) = postSolution
		{33855040-024E-4070-B8B7-90EB6F4CD253}.Debug|Any CPU.ActiveCfg = Debug|Any CPU
		{33855040-024E-4070-B8B7-90EB6F4CD253}.Debug|Any CPU.Build.0 = Debug|Any CPU
		{33855040-024E-4070-B8B7-90EB6F4CD253}.Release|Any CPU.ActiveCfg = Release|Any CPU
		{33855040-024E-4070-B8B7-90EB6F4CD253}.Release|Any CPU.Build.0 = Release|Any CPU
	EndGlobalSection
	GlobalSection(SolutionProperties) = preSolution
		HideSolutionNode = FALSE
	EndGlobalSection
	GlobalSection(ExtensibilityGlobals) = postSolution
		SolutionGuid = {EE05DDBD-F041-4960-BACD-1B5026A4D972}
	EndGlobalSection
EndGlobal
